
Microsoft Visual Studio Solution File, Format Version 12.00
# Visual Studio Version 17
VisualStudioVersion = 17.4.33205.214
MinimumVisualStudioVersion = 10.0.40219.1
Project("{FAE04EC0-301F-11D3-BF4B-00C04F79EFBC}") = "Number Guesser", "Number Guesser\Number Guesser.csproj", "{44B27CAC-4CC6-4EFA-9862-70DE9E6D0495}"
EndProject
Project("{FAE04EC0-301F-11D3-BF4B-00C04F79EFBC}") = "Super Number Guesser", "Super Number Guesser\Super Number Guesser.csproj", "{4BC3073D-4604-4FF9-97B6-BCE6C996E1AE}"
EndProject
Global
	GlobalSection(SolutionConfigurationPlatforms) = preSolution
		Debug|Any CPU = Debug|Any CPU
		Release|Any CPU = Release|Any CPU
	EndGlobalSection
	GlobalSection(ProjectConfigurationPlatforms) = postSolution
		{44B27CAC-4CC6-4EFA-9862-70DE9E6D0495}.Debug|Any CPU.ActiveCfg = Debug|Any CPU
		{44B27CAC-4CC6-4EFA-9862-70DE9E6D0495}.Debug|Any CPU.Build.0 = Debug|Any CPU
		{44B27CAC-4CC6-4EFA-9862-70DE9E6D0495}.Release|Any CPU.ActiveCfg = Release|Any CPU
		{44B27CAC-4CC6-4EFA-9862-70DE9E6D0495}.Release|Any CPU.Build.0 = Release|Any CPU
		{4BC3073D-4604-4FF9-97B6-BCE6C996E1AE}.Debug|Any CPU.ActiveCfg = Debug|Any CPU
		{4BC3073D-4604-4FF9-97B6-BCE6C996E1AE}.Debug|Any CPU.Build.0 = Debug|Any CPU
		{4BC3073D-4604-4FF9-97B6-BCE6C996E1AE}.Release|Any CPU.ActiveCfg = Release|Any CPU
		{4BC3073D-4604-4FF9-97B6-BCE6C996E1AE}.Release|Any CPU.Build.0 = Release|Any CPU
	EndGlobalSection
	GlobalSection(SolutionProperties) = preSolution
		HideSolutionNode = FALSE
	EndGlobalSection
	GlobalSection(ExtensibilityGlobals) = postSolution
		SolutionGuid = {C897B2BC-D1D2-4D47-8286-FD82C46FEAF9}
	EndGlobalSection
EndGlobal
